
Microsoft Visual Studio Solution File, Format Version 12.00
# Visual Studio Version 17
VisualStudioVersion = 17.13.35919.96 d17.13
MinimumVisualStudioVersion = 10.0.40219.1
Project("{8BC9CEB8-8B4A-11D0-8D11-00A0C91BC942}") = "BranchConfirm", "BranchConfirm\BranchConfirm.vcxproj", "{0C7F2EF0-6F05-4A95-869B-1403B00F70A2}"
EndProject
Global
	GlobalSection(SolutionConfigurationPlatforms) = preSolution
		Debug|x64 = Debug|x64
		Debug|x86 = Debug|x86
		Release|x64 = Release|x64
		Release|x86 = Release|x86
	EndGlobalSection
	GlobalSection(ProjectConfigurationPlatforms) = postSolution
		{0C7F2EF0-6F05-4A95-869B-1403B00F70A2}.Debug|x64.ActiveCfg = Debug|x64
		{0C7F2EF0-6F05-4A95-869B-1403B00F70A2}.Debug|x64.Build.0 = Debug|x64
		{0C7F2EF0-6F05-4A95-869B-1403B00F70A2}.Debug|x86.ActiveCfg = Debug|Win32
		{0C7F2EF0-6F05-4A95-869B-1403B00F70A2}.Debug|x86.Build.0 = Debug|Win32
		{0C7F2EF0-6F05-4A95-869B-1403B00F70A2}.Release|x64.ActiveCfg = Release|x64
		{0C7F2EF0-6F05-4A95-869B-1403B00F70A2}.Release|x64.Build.0 = Release|x64
		{0C7F2EF0-6F05-4A95-869B-1403B00F70A2}.Release|x86.ActiveCfg = Release|Win32
		{0C7F2EF0-6F05-4A95-869B-1403B00F70A2}.Release|x86.Build.0 = Release|Win32
	EndGlobalSection
	GlobalSection(SolutionProperties) = preSolution
		HideSolutionNode = FALSE
	EndGlobalSection
	GlobalSection(ExtensibilityGlobals) = postSolution
		SolutionGuid = {063F097B-D7D7-42A3-A60F-9D005FDE3D93}
	EndGlobalSection
EndGlobal
